PODS:
  - Expecta (1.0.5)
  - Expecta+Snapshots (2.0.0):
    - Expecta (~> 1.0)
    - FBSnapshotTestCase/Core (~> 2.0.3)
  - FBSnapshotTestCase (2.0.7):
    - FBSnapshotTestCase/SwiftSupport (= 2.0.7)
  - FBSnapshotTestCase/Core (2.0.7)
  - FBSnapshotTestCase/SwiftSupport (2.0.7):
    - FBSnapshotTestCase/Core
  - HexColors (2.3.0)
  - Specta (0.2.1)
  - TSMessages (0.9.13):
    - HexColors (~> 2.3.0)

DEPENDENCIES:
  - Expecta
  - Expecta+Snapshots
  - FBSnapshotTestCase
  - Specta (~> 0.2.1)
  - TSMessages (from `../`)

EXTERNAL SOURCES:
  TSMessages:
    :path: "../"

SPEC CHECKSUMS:
  Expecta: e1c022fcd33910b6be89c291d2775b3fe27a89fe
  Expecta+Snapshots: 29b38dd695bc72a0ed2bea833937d78df41943ba
  FBSnapshotTestCase: 7e85180d0d141a0cf472352edda7e80d7eaeb547
  HexColors: 6ad3947c3447a055a3aa8efa859def096351fe5f
  Specta: 15a276a6343867b426d5ed135d5aa4d04123a573
  TSMessages: 6e403b790139636c15ab4f51946537095e03e79c

PODFILE CHECKSUM: e422591e234bc8b8a346aa30412c43e1b3f70d83

COCOAPODS: 1.0.1
