PODS:
  - Expecta (0.3.1)
  - Expecta+Snapshots (1.3.1):
    - Expecta
    - FBSnapshotTestCase
  - FBSnapshotTestCase (1.4)
  - HexColors (2.2.1)
  - Specta (0.2.1)
  - TSMessages (0.9.12):
    - HexColors

DEPENDENCIES:
  - Expecta
  - Expecta+Snapshots
  - FBSnapshotTestCase
  - Specta (~> 0.2.1)
  - TSMessages (from `../`)

EXTERNAL SOURCES:
  TSMessages:
    :path: ../

SPEC CHECKSUMS:
  Expecta: 03aabd0a89d8dea843baecb19a7fd7466a69a31d
  Expecta+Snapshots: 4a56b9411c6ed156987072e52c39de67d864015a
  FBSnapshotTestCase: f9f225b5ba11c8d8c09075590490df16314e4d62
  HexColors: 01384d2bbe8dc4ffa43c3b4135db6e976952d153
  Specta: 9141310f46b1f68b676650ff2854e1ed0b74163a
  TSMessages: 3e67c231abe604e5ab732050ba6dc99df4650765

COCOAPODS: 0.36.0.beta.1
