
DEPENDENCIES: 
- TSMessages (from `..')

COCOAPODS: 0.16.4

SPEC CHECKSUMS: 
  TSMessages: b210370220233cac2a903d134e15ffd66e052b25
  MLUIColorAdditions: c128da8c87b724cdc6c9a1b4cfe8832ca62b8d2a

EXTERNAL SOURCES: 
  TSMessages: 
    :local: ..

PODS: 
- MLUIColorAdditions (1.0.0)
- TSMessages (0.9): 
  - MLUIColorAdditions
