PODS:
  - MLUIColorAdditions (1.0.0)
  - TSMessages (0.9.1):
    - MLUIColorAdditions

DEPENDENCIES:
  - TSMessages (from `..`)

EXTERNAL SOURCES:
  TSMessages:
    :local: ..

SPEC CHECKSUMS:
  MLUIColorAdditions: c128da8c87b724cdc6c9a1b4cfe8832ca62b8d2a
  TSMessages: 916e168ec96b90fbe2756bc4e28c555a2abc83fc

COCOAPODS: 0.19.1
