// !$*UTF8*$!
{
	archiveVersion = 1;
	classes = {
	};
	objectVersion = 46;
	objects = {

/* Begin PBXBuildFile section */
		0C9D527520AF4EAA93E80BC5 /* libPods.a in Frameworks */ = {isa = PBXBuildFile; fileRef = A64AE23935D5499BAF0AC8C1 /* libPods.a */; };
		CA0B97051719CD6800E06F84 /* UIKit.framework in Frameworks */ = {isa = PBXBuildFile; fileRef = CA0B97041719CD6800E06F84 /* UIKit.framework */; };
		CA0B97071719CD6800E06F84 /* Foundation.framework in Frameworks */ = {isa = PBXBuildFile; fileRef = CA0B97061719CD6800E06F84 /* Foundation.framework */; };
		CA0B97091719CD6800E06F84 /* CoreGraphics.framework in Frameworks */ = {isa = PBXBuildFile; fileRef = CA0B97081719CD6800E06F84 /* CoreGraphics.framework */; };
		CA0B970F1719CD6800E06F84 /* InfoPlist.strings in Resources */ = {isa = PBXBuildFile; fileRef = CA0B970D1719CD6800E06F84 /* InfoPlist.strings */; };
		CA0B97111719CD6800E06F84 /* main.m in Sources */ = {isa = PBXBuildFile; fileRef = CA0B97101719CD6800E06F84 /* main.m */; };
		CA0B97151719CD6800E06F84 /* TSAppDelegate.m in Sources */ = {isa = PBXBuildFile; fileRef = CA0B97141719CD6800E06F84 /* TSAppDelegate.m */; };
		CA0B97171719CD6800E06F84 /* Default.png in Resources */ = {isa = PBXBuildFile; fileRef = CA0B97161719CD6800E06F84 /* Default.png */; };
		CA0B97191719CD6800E06F84 /* Default@2x.png in Resources */ = {isa = PBXBuildFile; fileRef = CA0B97181719CD6800E06F84 /* Default@2x.png */; };
		CA0B971B1719CD6800E06F84 /* Default-568h@2x.png in Resources */ = {isa = PBXBuildFile; fileRef = CA0B971A1719CD6800E06F84 /* Default-568h@2x.png */; };
		CA0B971E1719CD6800E06F84 /* MainStoryboard.storyboard in Resources */ = {isa = PBXBuildFile; fileRef = CA0B971C1719CD6800E06F84 /* MainStoryboard.storyboard */; };
		CA0B97281719CD6800E06F84 /* TSDemoViewController.m in Sources */ = {isa = PBXBuildFile; fileRef = CA0B97271719CD6800E06F84 /* TSDemoViewController.m */; };
		CAA3C9E817C3CD180085E06E /* AlternativeDesign.json in Resources */ = {isa = PBXBuildFile; fileRef = CAA3C9E717C3CD180085E06E /* AlternativeDesign.json */; };
/* End PBXBuildFile section */

/* Begin PBXFileReference section */
		8B33F75B47A447C8B36A0061 /* Pods.xcconfig */ = {isa = PBXFileReference; includeInIndex = 1; lastKnownFileType = text.xcconfig; name = Pods.xcconfig; path = Pods/Pods.xcconfig; sourceTree = SOURCE_ROOT; };
		A64AE23935D5499BAF0AC8C1 /* libPods.a */ = {isa = PBXFileReference; explicitFileType = archive.ar; includeInIndex = 0; path = libPods.a; sourceTree = BUILT_PRODUCTS_DIR; };
		CA0B97011719CD6800E06F84 /* Example.app */ = {isa = PBXFileReference; explicitFileType = wrapper.application; includeInIndex = 0; path = Example.app; sourceTree = BUILT_PRODUCTS_DIR; };
		CA0B97041719CD6800E06F84 /* UIKit.framework */ = {isa = PBXFileReference; lastKnownFileType = wrapper.framework; name = UIKit.framework; path = System/Library/Frameworks/UIKit.framework; sourceTree = SDKROOT; };
		CA0B97061719CD6800E06F84 /* Foundation.framework */ = {isa = PBXFileReference; lastKnownFileType = wrapper.framework; name = Foundation.framework; path = System/Library/Frameworks/Foundation.framework; sourceTree = SDKROOT; };
		CA0B97081719CD6800E06F84 /* CoreGraphics.framework */ = {isa = PBXFileReference; lastKnownFileType = wrapper.framework; name = CoreGraphics.framework; path = System/Library/Frameworks/CoreGraphics.framework; sourceTree = SDKROOT; };
		CA0B970C1719CD6800E06F84 /* Example-Info.plist */ = {isa = PBXFileReference; lastKnownFileType = text.plist.xml; path = "Example-Info.plist"; sourceTree = "<group>"; };
		CA0B970E1719CD6800E06F84 /* en */ = {isa = PBXFileReference; lastKnownFileType = text.plist.strings; name = en; path = en.lproj/InfoPlist.strings; sourceTree = "<group>"; };
		CA0B97101719CD6800E06F84 /* main.m */ = {isa = PBXFileReference; lastKnownFileType = sourcecode.c.objc; path = main.m; sourceTree = "<group>"; };
		CA0B97121719CD6800E06F84 /* Example-Prefix.pch */ = {isa = PBXFileReference; lastKnownFileType = sourcecode.c.h; path = "Example-Prefix.pch"; sourceTree = "<group>"; };
		CA0B97131719CD6800E06F84 /* TSAppDelegate.h */ = {isa = PBXFileReference; lastKnownFileType = sourcecode.c.h; path = TSAppDelegate.h; sourceTree = "<group>"; };
		CA0B97141719CD6800E06F84 /* TSAppDelegate.m */ = {isa = PBXFileReference; lastKnownFileType = sourcecode.c.objc; path = TSAppDelegate.m; sourceTree = "<group>"; };
		CA0B97161719CD6800E06F84 /* Default.png */ = {isa = PBXFileReference; lastKnownFileType = image.png; path = Default.png; sourceTree = "<group>"; };
		CA0B97181719CD6800E06F84 /* Default@2x.png */ = {isa = PBXFileReference; lastKnownFileType = image.png; path = "Default@2x.png"; sourceTree = "<group>"; };
		CA0B971A1719CD6800E06F84 /* Default-568h@2x.png */ = {isa = PBXFileReference; lastKnownFileType = image.png; path = "Default-568h@2x.png"; sourceTree = "<group>"; };
		CA0B971D1719CD6800E06F84 /* en */ = {isa = PBXFileReference; lastKnownFileType = file.storyboard; name = en; path = en.lproj/MainStoryboard.storyboard; sourceTree = "<group>"; };
		CA0B97261719CD6800E06F84 /* TSDemoViewController.h */ = {isa = PBXFileReference; lastKnownFileType = sourcecode.c.h; path = TSDemoViewController.h; sourceTree = "<group>"; };
		CA0B97271719CD6800E06F84 /* TSDemoViewController.m */ = {isa = PBXFileReference; lastKnownFileType = sourcecode.c.objc; path = TSDemoViewController.m; sourceTree = "<group>"; };
		CAA3C9E717C3CD180085E06E /* AlternativeDesign.json */ = {isa = PBXFileReference; fileEncoding = 4; lastKnownFileType = text.json; path = AlternativeDesign.json; sourceTree = "<group>"; };
/* End PBXFileReference section */

/* Begin PBXFrameworksBuildPhase section */
		CA0B96FE1719CD6800E06F84 /* Frameworks */ = {
			isa = PBXFrameworksBuildPhase;
			buildActionMask = 2147483647;
			files = (
				CA0B97051719CD6800E06F84 /* UIKit.framework in Frameworks */,
				CA0B97071719CD6800E06F84 /* Foundation.framework in Frameworks */,
				CA0B97091719CD6800E06F84 /* CoreGraphics.framework in Frameworks */,
				0C9D527520AF4EAA93E80BC5 /* libPods.a in Frameworks */,
			);
			runOnlyForDeploymentPostprocessing = 0;
		};
/* End PBXFrameworksBuildPhase section */

/* Begin PBXGroup section */
		CA0B96F81719CD6800E06F84 = {
			isa = PBXGroup;
			children = (
				CA0B970A1719CD6800E06F84 /* Example */,
				CA0B97031719CD6800E06F84 /* Frameworks */,
				CA0B97021719CD6800E06F84 /* Products */,
				8B33F75B47A447C8B36A0061 /* Pods.xcconfig */,
			);
			sourceTree = "<group>";
		};
		CA0B97021719CD6800E06F84 /* Products */ = {
			isa = PBXGroup;
			children = (
				CA0B97011719CD6800E06F84 /* Example.app */,
			);
			name = Products;
			sourceTree = "<group>";
		};
		CA0B97031719CD6800E06F84 /* Frameworks */ = {
			isa = PBXGroup;
			children = (
				CA0B97041719CD6800E06F84 /* UIKit.framework */,
				CA0B97061719CD6800E06F84 /* Foundation.framework */,
				CA0B97081719CD6800E06F84 /* CoreGraphics.framework */,
				A64AE23935D5499BAF0AC8C1 /* libPods.a */,
			);
			name = Frameworks;
			sourceTree = "<group>";
		};
		CA0B970A1719CD6800E06F84 /* Example */ = {
			isa = PBXGroup;
			children = (
				CAA3C9E717C3CD180085E06E /* AlternativeDesign.json */,
				CA0B97131719CD6800E06F84 /* TSAppDelegate.h */,
				CA0B97141719CD6800E06F84 /* TSAppDelegate.m */,
				CA0B971C1719CD6800E06F84 /* MainStoryboard.storyboard */,
				CA0B97261719CD6800E06F84 /* TSDemoViewController.h */,
				CA0B97271719CD6800E06F84 /* TSDemoViewController.m */,
				CA0B970B1719CD6800E06F84 /* Supporting Files */,
			);
			path = Example;
			sourceTree = "<group>";
		};
		CA0B970B1719CD6800E06F84 /* Supporting Files */ = {
			isa = PBXGroup;
			children = (
				CA0B970C1719CD6800E06F84 /* Example-Info.plist */,
				CA0B970D1719CD6800E06F84 /* InfoPlist.strings */,
				CA0B97101719CD6800E06F84 /* main.m */,
				CA0B97121719CD6800E06F84 /* Example-Prefix.pch */,
				CA0B97161719CD6800E06F84 /* Default.png */,
				CA0B97181719CD6800E06F84 /* Default@2x.png */,
				CA0B971A1719CD6800E06F84 /* Default-568h@2x.png */,
			);
			name = "Supporting Files";
			sourceTree = "<group>";
		};
/* End PBXGroup section */

/* Begin PBXNativeTarget section */
		CA0B97001719CD6800E06F84 /* Example */ = {
			isa = PBXNativeTarget;
			buildConfigurationList = CA0B972F1719CD6800E06F84 /* Build configuration list for PBXNativeTarget "Example" */;
			buildPhases = (
				CA0B96FD1719CD6800E06F84 /* Sources */,
				CA0B96FE1719CD6800E06F84 /* Frameworks */,
				CA0B96FF1719CD6800E06F84 /* Resources */,
				E3258285C6274073968F0DF4 /* Copy Pods Resources */,
			);
			buildRules = (
			);
			dependencies = (
			);
			name = Example;
			productName = Example;
			productReference = CA0B97011719CD6800E06F84 /* Example.app */;
			productType = "com.apple.product-type.application";
		};
/* End PBXNativeTarget section */

/* Begin PBXProject section */
		CA0B96F91719CD6800E06F84 /* Project object */ = {
			isa = PBXProject;
			attributes = {
				CLASSPREFIX = TS;
				LastUpgradeCheck = 0460;
				ORGANIZATIONNAME = Toursprung;
			};
			buildConfigurationList = CA0B96FC1719CD6800E06F84 /* Build configuration list for PBXProject "Example" */;
			compatibilityVersion = "Xcode 3.2";
			developmentRegion = English;
			hasScannedForEncodings = 0;
			knownRegions = (
				en,
			);
			mainGroup = CA0B96F81719CD6800E06F84;
			productRefGroup = CA0B97021719CD6800E06F84 /* Products */;
			projectDirPath = "";
			projectRoot = "";
			targets = (
				CA0B97001719CD6800E06F84 /* Example */,
			);
		};
/* End PBXProject section */

/* Begin PBXResourcesBuildPhase section */
		CA0B96FF1719CD6800E06F84 /* Resources */ = {
			isa = PBXResourcesBuildPhase;
			buildActionMask = 2147483647;
			files = (
				CA0B970F1719CD6800E06F84 /* InfoPlist.strings in Resources */,
				CA0B97171719CD6800E06F84 /* Default.png in Resources */,
				CA0B97191719CD6800E06F84 /* Default@2x.png in Resources */,
				CA0B971B1719CD6800E06F84 /* Default-568h@2x.png in Resources */,
				CA0B971E1719CD6800E06F84 /* MainStoryboard.storyboard in Resources */,
				CAA3C9E817C3CD180085E06E /* AlternativeDesign.json in Resources */,
			);
			runOnlyForDeploymentPostprocessing = 0;
		};
/* End PBXResourcesBuildPhase section */

/* Begin PBXShellScriptBuildPhase section */
		E3258285C6274073968F0DF4 /* Copy Pods Resources */ = {
			isa = PBXShellScriptBuildPhase;
			buildActionMask = 2147483647;
			files = (
			);
			inputPaths = (
			);
			name = "Copy Pods Resources";
			outputPaths = (
			);
			runOnlyForDeploymentPostprocessing = 0;
			shellPath = /bin/sh;
			shellScript = "\"${SRCROOT}/Pods/Pods-resources.sh\"\n";
		};
/* End PBXShellScriptBuildPhase section */

/* Begin PBXSourcesBuildPhase section */
		CA0B96FD1719CD6800E06F84 /* Sources */ = {
			isa = PBXSourcesBuildPhase;
			buildActionMask = 2147483647;
			files = (
				CA0B97111719CD6800E06F84 /* main.m in Sources */,
				CA0B97151719CD6800E06F84 /* TSAppDelegate.m in Sources */,
				CA0B97281719CD6800E06F84 /* TSDemoViewController.m in Sources */,
			);
			runOnlyForDeploymentPostprocessing = 0;
		};
/* End PBXSourcesBuildPhase section */

/* Begin PBXVariantGroup section */
		CA0B970D1719CD6800E06F84 /* InfoPlist.strings */ = {
			isa = PBXVariantGroup;
			children = (
				CA0B970E1719CD6800E06F84 /* en */,
			);
			name = InfoPlist.strings;
			sourceTree = "<group>";
		};
		CA0B971C1719CD6800E06F84 /* MainStoryboard.storyboard */ = {
			isa = PBXVariantGroup;
			children = (
				CA0B971D1719CD6800E06F84 /* en */,
			);
			name = MainStoryboard.storyboard;
			sourceTree = "<group>";
		};
/* End PBXVariantGroup section */

/* Begin XCBuildConfiguration section */
		CA0B972D1719CD6800E06F84 /* Debug */ = {
			isa = XCBuildConfiguration;
			buildSettings = {
				ALWAYS_SEARCH_USER_PATHS = NO;
				CLANG_CXX_LANGUAGE_STANDARD = "gnu++0x";
				CLANG_CXX_LIBRARY = "libc++";
				CLANG_ENABLE_OBJC_ARC = YES;
				CLANG_WARN_CONSTANT_CONVERSION = YES;
				CLANG_WARN_EMPTY_BODY = YES;
				CLANG_WARN_ENUM_CONVERSION = YES;
				CLANG_WARN_INT_CONVERSION = YES;
				CLANG_WARN__DUPLICATE_METHOD_MATCH = YES;
				"CODE_SIGN_IDENTITY[sdk=iphoneos*]" = "iPhone Developer";
				COPY_PHASE_STRIP = NO;
				GCC_C_LANGUAGE_STANDARD = gnu99;
				GCC_DYNAMIC_NO_PIC = NO;
				GCC_OPTIMIZATION_LEVEL = 0;
				GCC_PREPROCESSOR_DEFINITIONS = (
					"DEBUG=1",
					"$(inherited)",
				);
				GCC_SYMBOLS_PRIVATE_EXTERN = NO;
				GCC_WARN_ABOUT_RETURN_TYPE = YES;
				GCC_WARN_UNINITIALIZED_AUTOS = YES;
				GCC_WARN_UNUSED_VARIABLE = YES;
				IPHONEOS_DEPLOYMENT_TARGET = 7.0;
				ONLY_ACTIVE_ARCH = YES;
				SDKROOT = iphoneos;
			};
			name = Debug;
		};
		CA0B972E1719CD6800E06F84 /* Release */ = {
			isa = XCBuildConfiguration;
			buildSettings = {
				ALWAYS_SEARCH_USER_PATHS = NO;
				CLANG_CXX_LANGUAGE_STANDARD = "gnu++0x";
				CLANG_CXX_LIBRARY = "libc++";
				CLANG_ENABLE_OBJC_ARC = YES;
				CLANG_WARN_CONSTANT_CONVERSION = YES;
				CLANG_WARN_EMPTY_BODY = YES;
				CLANG_WARN_ENUM_CONVERSION = YES;
				CLANG_WARN_INT_CONVERSION = YES;
				CLANG_WARN__DUPLICATE_METHOD_MATCH = YES;
				"CODE_SIGN_IDENTITY[sdk=iphoneos*]" = "iPhone Developer";
				COPY_PHASE_STRIP = YES;
				GCC_C_LANGUAGE_STANDARD = gnu99;
				GCC_WARN_ABOUT_RETURN_TYPE = YES;
				GCC_WARN_UNINITIALIZED_AUTOS = YES;
				GCC_WARN_UNUSED_VARIABLE = YES;
				IPHONEOS_DEPLOYMENT_TARGET = 7.0;
				OTHER_CFLAGS = "-DNS_BLOCK_ASSERTIONS=1";
				SDKROOT = iphoneos;
				VALIDATE_PRODUCT = YES;
			};
			name = Release;
		};
		CA0B97301719CD6800E06F84 /* Debug */ = {
			isa = XCBuildConfiguration;
			baseConfigurationReference = 8B33F75B47A447C8B36A0061 /* Pods.xcconfig */;
			buildSettings = {
				GCC_PRECOMPILE_PREFIX_HEADER = YES;
				GCC_PREFIX_HEADER = "Example/Example-Prefix.pch";
				INFOPLIST_FILE = "Example/Example-Info.plist";
				IPHONEOS_DEPLOYMENT_TARGET = 7.0;
				PRODUCT_NAME = "$(TARGET_NAME)";
				TARGETED_DEVICE_FAMILY = "1,2";
				WRAPPER_EXTENSION = app;
			};
			name = Debug;
		};
		CA0B97311719CD6800E06F84 /* Release */ = {
			isa = XCBuildConfiguration;
			baseConfigurationReference = 8B33F75B47A447C8B36A0061 /* Pods.xcconfig */;
			buildSettings = {
				GCC_PRECOMPILE_PREFIX_HEADER = YES;
				GCC_PREFIX_HEADER = "Example/Example-Prefix.pch";
				INFOPLIST_FILE = "Example/Example-Info.plist";
				IPHONEOS_DEPLOYMENT_TARGET = 7.0;
				PRODUCT_NAME = "$(TARGET_NAME)";
				TARGETED_DEVICE_FAMILY = "1,2";
				WRAPPER_EXTENSION = app;
			};
			name = Release;
		};
/* End XCBuildConfiguration section */

/* Begin XCConfigurationList section */
		CA0B96FC1719CD6800E06F84 /* Build configuration list for PBXProject "Example" */ = {
			isa = XCConfigurationList;
			buildConfigurations = (
				CA0B972D1719CD6800E06F84 /* Debug */,
				CA0B972E1719CD6800E06F84 /* Release */,
			);
			defaultConfigurationIsVisible = 0;
			defaultConfigurationName = Release;
		};
		CA0B972F1719CD6800E06F84 /* Build configuration list for PBXNativeTarget "Example" */ = {
			isa = XCConfigurationList;
			buildConfigurations = (
				CA0B97301719CD6800E06F84 /* Debug */,
				CA0B97311719CD6800E06F84 /* Release */,
			);
			defaultConfigurationIsVisible = 0;
			defaultConfigurationName = Release;
		};
/* End XCConfigurationList section */
	};
	rootObject = CA0B96F91719CD6800E06F84 /* Project object */;
}
